# This file is automatically @generated by Cargo.
# It is not intended for manual editing.
version = 4

[[package]]
name = "fastpipeline"
version = "0.1.0"

[[package]]
name = "psh_ast"
version = "0.1.0"
dependencies = [
 "psh_lexer",
]

[[package]]
name = "psh_compiler"
version = "0.1.0"
dependencies = [
 "psh_ast",
 "psh_lexer",
]

[[package]]
name = "psh_lexer"
version = "0.1.0"

[[package]]
name = "psh_vm"
version = "0.1.0"
dependencies = [
 "psh_compiler",
 "psh_lexer",
]
